PODS:
  - CryptoSwift (1.5.1)
  - nRFMeshProvision (3.2.0):
    - CryptoSwift (= 1.5.1)

DEPENDENCIES:
  - nRFMeshProvision (from `../`)

SPEC REPOS:
  trunk:
    - CryptoSwift

EXTERNAL SOURCES:
  nRFMeshProvision:
    :path: "../"

SPEC CHECKSUMS:
  CryptoSwift: c4f2debceb38bf44c80659afe009f71e23e4a082
  nRFMeshProvision: 0f0a0b9e83e4a77bb4df1b7dfdb3838f526875d0

PODFILE CHECKSUM: d31af4f7bb0938b2674831f2c120172a1067eee0

COCOAPODS: 1.11.3
