PODS:
  - nRFMeshProvision (2.0.0):
    - OpenSSL-Universal (= 1.0.2.19)
  - OpenSSL-Universal (1.0.2.19):
    - OpenSSL-Universal/Static (= 1.0.2.19)
  - OpenSSL-Universal/Static (1.0.2.19)
  - SwiftLint (0.36.0)

DEPENDENCIES:
  - nRFMeshProvision (from `../`)
  - SwiftLint

SPEC REPOS:
  trunk:
    - OpenSSL-Universal
    - SwiftLint

EXTERNAL SOURCES:
  nRFMeshProvision:
    :path: "../"

SPEC CHECKSUMS:
  nRFMeshProvision: 04f449c7576dd664441c112c867e7efb5e0e4d05
  OpenSSL-Universal: 8b48cc0d10c1b2923617dfe5c178aa9ed2689355
  SwiftLint: fc9859e4e1752340664851f667bb1898b9c90114

PODFILE CHECKSUM: d915a99ebadab623fe0a3c47ee4d748c2ba3e43c

COCOAPODS: 1.8.4
