PODS:
  - CryptoSwift (1.8.1)
  - nRFMeshProvision (4.1.0):
    - CryptoSwift (= 1.8.1)

DEPENDENCIES:
  - nRFMeshProvision (from `../`)

SPEC REPOS:
  trunk:
    - CryptoSwift

EXTERNAL SOURCES:
  nRFMeshProvision:
    :path: "../"

SPEC CHECKSUMS:
  CryptoSwift: b9c701d6f5011df23794dbf7f2e480a77835d83d
  nRFMeshProvision: 3663c187580c8d3c13e87ccfa97b87244d7a0685

PODFILE CHECKSUM: 798fe4d826703f91673f9c99ff182b2dfa6655f4

COCOAPODS: 1.15.2
