// !$*UTF8*$!
{
	archiveVersion = 1;
	classes = {
	};
	objectVersion = 46;
	objects = {

/* Begin PBXBuildFile section */
		30208A1A2175DBD900BC3789 /* libcrypto.a in Frameworks */ = {isa = PBXBuildFile; fileRef = 30208A182175DBD900BC3789 /* libcrypto.a */; };
		30208A1B2175DBD900BC3789 /* libssl.a in Frameworks */ = {isa = PBXBuildFile; fileRef = 30208A192175DBD900BC3789 /* libssl.a */; };
		30208A1C2175DBE900BC3789 /* libssl.a in Frameworks */ = {isa = PBXBuildFile; fileRef = 30208A192175DBD900BC3789 /* libssl.a */; };
		30208A1D2175DBE900BC3789 /* libcrypto.a in Frameworks */ = {isa = PBXBuildFile; fileRef = 30208A182175DBD900BC3789 /* libcrypto.a */; };
		3089BCA02099CA4900E30192 /* LaunchScreen.storyboard in Resources */ = {isa = PBXBuildFile; fileRef = 3089BC9E2099CA4900E30192 /* LaunchScreen.storyboard */; };
		525242E0225CBFEC0044CECB /* RangeObject+String.swift in Sources */ = {isa = PBXBuildFile; fileRef = 525242DF225CBFEC0044CECB /* RangeObject+String.swift */; };
		525242E8225F2D6A0044CECB /* FabView.swift in Sources */ = {isa = PBXBuildFile; fileRef = 525242E7225F2D6A0044CECB /* FabView.swift */; };
		5283524822733BCF0097B949 /* EditKeyViewController.swift in Sources */ = {isa = PBXBuildFile; fileRef = 5283524722733BCF0097B949 /* EditKeyViewController.swift */; };
		52835250227887970097B949 /* Settings.storyboard in Resources */ = {isa = PBXBuildFile; fileRef = 5283524E227887970097B949 /* Settings.storyboard */; };
		52835258227AEDA30097B949 /* DeviceTableViewCell.swift in Sources */ = {isa = PBXBuildFile; fileRef = 52835257227AEDA30097B949 /* DeviceTableViewCell.swift */; };
		52835269227B2BAE0097B949 /* ScannerTableViewController.swift in Sources */ = {isa = PBXBuildFile; fileRef = 52835268227B2BAE0097B949 /* ScannerTableViewController.swift */; };
		5283528022806C280097B949 /* ProvisioningViewController.swift in Sources */ = {isa = PBXBuildFile; fileRef = 5283527F22806C280097B949 /* ProvisioningViewController.swift */; };
		5283528222806D7C0097B949 /* NetworkKeySelectionViewController.swift in Sources */ = {isa = PBXBuildFile; fileRef = 5283528122806D7C0097B949 /* NetworkKeySelectionViewController.swift */; };
		528352B42284139F0097B949 /* ProxyProtocol.swift in Sources */ = {isa = PBXBuildFile; fileRef = 528352B32284139F0097B949 /* ProxyProtocol.swift */; };
		528352BC2285B6150097B949 /* OobSelector.swift in Sources */ = {isa = PBXBuildFile; fileRef = 528352BB2285B6150097B949 /* OobSelector.swift */; };
		529B756D223FE7F1008F1CE7 /* RootViewController.swift in Sources */ = {isa = PBXBuildFile; fileRef = 529B756C223FE7F1008F1CE7 /* RootViewController.swift */; };
		529B7570223FF1AE008F1CE7 /* SettingsViewController.swift in Sources */ = {isa = PBXBuildFile; fileRef = 529B756F223FF1AE008F1CE7 /* SettingsViewController.swift */; };
		529B7572223FFC39008F1CE7 /* AppKeysViewController.swift in Sources */ = {isa = PBXBuildFile; fileRef = 529B7571223FFC39008F1CE7 /* AppKeysViewController.swift */; };
		529B7575224107A5008F1CE7 /* AppInfo.swift in Sources */ = {isa = PBXBuildFile; fileRef = 529B7574224107A5008F1CE7 /* AppInfo.swift */; };
		529B758622428A45008F1CE7 /* UIViewController+Alert.swift in Sources */ = {isa = PBXBuildFile; fileRef = 529B758522428A45008F1CE7 /* UIViewController+Alert.swift */; };
		529B759A2243BA0A008F1CE7 /* ProvisionersViewController.swift in Sources */ = {isa = PBXBuildFile; fileRef = 529B75992243BA0A008F1CE7 /* ProvisionersViewController.swift */; };
		529B759C2243BA10008F1CE7 /* NetworkKeysViewController.swift in Sources */ = {isa = PBXBuildFile; fileRef = 529B759B2243BA10008F1CE7 /* NetworkKeysViewController.swift */; };
		529B75AB2248E276008F1CE7 /* SceneRanges.swift in Sources */ = {isa = PBXBuildFile; fileRef = 529B75AA2248E276008F1CE7 /* SceneRanges.swift */; };
		529B75AD22491770008F1CE7 /* AddressRanges.swift in Sources */ = {isa = PBXBuildFile; fileRef = 529B75AC22491770008F1CE7 /* AddressRanges.swift */; };
		529B7629224CE481008F1CE7 /* AssigningUnicastAddress.swift in Sources */ = {isa = PBXBuildFile; fileRef = 529B7628224CE481008F1CE7 /* AssigningUnicastAddress.swift */; };
		529B764122521075008F1CE7 /* ManagingProvisioners.swift in Sources */ = {isa = PBXBuildFile; fileRef = 529B764022521075008F1CE7 /* ManagingProvisioners.swift */; };
		529B7643225222E8008F1CE7 /* UInt16+String.swift in Sources */ = {isa = PBXBuildFile; fileRef = 529B7642225222E8008F1CE7 /* UInt16+String.swift */; };
		529B764722522D37008F1CE7 /* UITableView+EmptyView.swift in Sources */ = {isa = PBXBuildFile; fileRef = 529B764622522D37008F1CE7 /* UITableView+EmptyView.swift */; };
		529B76492252499E008F1CE7 /* UIColor+Nordic.swift in Sources */ = {isa = PBXBuildFile; fileRef = 529B76482252499E008F1CE7 /* UIColor+Nordic.swift */; };
		52DAA5DB22560EEE0041C43A /* EditProvisionerViewController.swift in Sources */ = {isa = PBXBuildFile; fileRef = 52DAA5DA22560EEE0041C43A /* EditProvisionerViewController.swift */; };
		52DAA5E2225B633B0041C43A /* RangeView.swift in Sources */ = {isa = PBXBuildFile; fileRef = 52DAA5E1225B633B0041C43A /* RangeView.swift */; };
		52DAA5E4225B93320041C43A /* EditRangesViewController.swift in Sources */ = {isa = PBXBuildFile; fileRef = 52DAA5E3225B93320041C43A /* EditRangesViewController.swift */; };
		52DAA5E6225B957B0041C43A /* RangeCell.swift in Sources */ = {isa = PBXBuildFile; fileRef = 52DAA5E5225B957B0041C43A /* RangeCell.swift */; };
		607FACD61AFB9204008FA782 /* AppDelegate.swift in Sources */ = {isa = PBXBuildFile; fileRef = 607FACD51AFB9204008FA782 /* AppDelegate.swift */; };
		607FACDB1AFB9204008FA782 /* Main.storyboard in Resources */ = {isa = PBXBuildFile; fileRef = 607FACD91AFB9204008FA782 /* Main.storyboard */; };
		607FACDD1AFB9204008FA782 /* Images.xcassets in Resources */ = {isa = PBXBuildFile; fileRef = 607FACDC1AFB9204008FA782 /* Images.xcassets */; };
		7F9FD220FCA92765E14E2C17 /* Pods_nRFMeshProvision_Example.framework in Frameworks */ = {isa = PBXBuildFile; fileRef = 5A51F9AF82598D8D5D40BD77 /* Pods_nRFMeshProvision_Example.framework */; };
/* End PBXBuildFile section */

/* Begin PBXContainerItemProxy section */
		607FACE61AFB9204008FA782 /* PBXContainerItemProxy */ = {
			isa = PBXContainerItemProxy;
			containerPortal = 607FACC81AFB9204008FA782 /* Project object */;
			proxyType = 1;
			remoteGlobalIDString = 607FACCF1AFB9204008FA782;
			remoteInfo = nRFMeshProvision;
		};
/* End PBXContainerItemProxy section */

/* Begin PBXFileReference section */
		30208A182175DBD900BC3789 /* libcrypto.a */ = {isa = PBXFileReference; lastKnownFileType = archive.ar; name = libcrypto.a; path = "Pods/OpenSSL-Universal/lib-ios/libcrypto.a"; sourceTree = "<group>"; };
		30208A192175DBD900BC3789 /* libssl.a */ = {isa = PBXFileReference; lastKnownFileType = archive.ar; name = libssl.a; path = "Pods/OpenSSL-Universal/lib-ios/libssl.a"; sourceTree = "<group>"; };
		3089BC9F2099CA4900E30192 /* Base */ = {isa = PBXFileReference; lastKnownFileType = file.storyboard; name = Base; path = Base.lproj/LaunchScreen.storyboard; sourceTree = "<group>"; };
		4973E9CDA09CE2398E5C269A /* LICENSE */ = {isa = PBXFileReference; includeInIndex = 1; lastKnownFileType = text; name = LICENSE; path = ../LICENSE; sourceTree = "<group>"; };
		525242DF225CBFEC0044CECB /* RangeObject+String.swift */ = {isa = PBXFileReference; lastKnownFileType = sourcecode.swift; name = "RangeObject+String.swift"; path = "Utils/RangeObject+String.swift"; sourceTree = "<group>"; };
		525242E7225F2D6A0044CECB /* FabView.swift */ = {isa = PBXFileReference; lastKnownFileType = sourcecode.swift; path = FabView.swift; sourceTree = "<group>"; };
		5283524722733BCF0097B949 /* EditKeyViewController.swift */ = {isa = PBXFileReference; lastKnownFileType = sourcecode.swift; path = EditKeyViewController.swift; sourceTree = "<group>"; };
		5283524F227887970097B949 /* Base */ = {isa = PBXFileReference; lastKnownFileType = file.storyboard; name = Base; path = Base.lproj/Settings.storyboard; sourceTree = "<group>"; };
		52835257227AEDA30097B949 /* DeviceTableViewCell.swift */ = {isa = PBXFileReference; lastKnownFileType = sourcecode.swift; path = DeviceTableViewCell.swift; sourceTree = "<group>"; };
		52835268227B2BAE0097B949 /* ScannerTableViewController.swift */ = {isa = PBXFileReference; lastKnownFileType = sourcecode.swift; path = ScannerTableViewController.swift; sourceTree = "<group>"; };
		5283527F22806C280097B949 /* ProvisioningViewController.swift */ = {isa = PBXFileReference; lastKnownFileType = sourcecode.swift; path = ProvisioningViewController.swift; sourceTree = "<group>"; };
		5283528122806D7C0097B949 /* NetworkKeySelectionViewController.swift */ = {isa = PBXFileReference; lastKnownFileType = sourcecode.swift; path = NetworkKeySelectionViewController.swift; sourceTree = "<group>"; };
		528352B32284139F0097B949 /* ProxyProtocol.swift */ = {isa = PBXFileReference; lastKnownFileType = sourcecode.swift; path = ProxyProtocol.swift; sourceTree = "<group>"; };
		528352BB2285B6150097B949 /* OobSelector.swift */ = {isa = PBXFileReference; lastKnownFileType = sourcecode.swift; path = OobSelector.swift; sourceTree = "<group>"; };
		529B756C223FE7F1008F1CE7 /* RootViewController.swift */ = {isa = PBXFileReference; lastKnownFileType = sourcecode.swift; path = RootViewController.swift; sourceTree = "<group>"; };
		529B756F223FF1AE008F1CE7 /* SettingsViewController.swift */ = {isa = PBXFileReference; lastKnownFileType = sourcecode.swift; path = SettingsViewController.swift; sourceTree = "<group>"; };
		529B7571223FFC39008F1CE7 /* AppKeysViewController.swift */ = {isa = PBXFileReference; lastKnownFileType = sourcecode.swift; path = AppKeysViewController.swift; sourceTree = "<group>"; };
		529B7574224107A5008F1CE7 /* AppInfo.swift */ = {isa = PBXFileReference; lastKnownFileType = sourcecode.swift; name = AppInfo.swift; path = Utils/AppInfo.swift; sourceTree = "<group>"; };
		529B757E22426D70008F1CE7 /* nRFMeshProvision_Example.entitlements */ = {isa = PBXFileReference; lastKnownFileType = text.plist.entitlements; path = nRFMeshProvision_Example.entitlements; sourceTree = "<group>"; };
		529B758522428A45008F1CE7 /* UIViewController+Alert.swift */ = {isa = PBXFileReference; lastKnownFileType = sourcecode.swift; name = "UIViewController+Alert.swift"; path = "Utils/UIViewController+Alert.swift"; sourceTree = "<group>"; };
		529B75992243BA0A008F1CE7 /* ProvisionersViewController.swift */ = {isa = PBXFileReference; fileEncoding = 4; lastKnownFileType = sourcecode.swift; name = ProvisionersViewController.swift; path = "View Controllers/Settings/ProvisionersViewController.swift"; sourceTree = "<group>"; };
		529B759B2243BA10008F1CE7 /* NetworkKeysViewController.swift */ = {isa = PBXFileReference; fileEncoding = 4; lastKnownFileType = sourcecode.swift; path = NetworkKeysViewController.swift; sourceTree = "<group>"; };
		529B75A92248E275008F1CE7 /* nRFMeshProvision_Tests-Bridging-Header.h */ = {isa = PBXFileReference; lastKnownFileType = sourcecode.c.h; path = "nRFMeshProvision_Tests-Bridging-Header.h"; sourceTree = "<group>"; };
		529B75AA2248E276008F1CE7 /* SceneRanges.swift */ = {isa = PBXFileReference; lastKnownFileType = sourcecode.swift; path = SceneRanges.swift; sourceTree = "<group>"; };
		529B75AC22491770008F1CE7 /* AddressRanges.swift */ = {isa = PBXFileReference; lastKnownFileType = sourcecode.swift; path = AddressRanges.swift; sourceTree = "<group>"; };
		529B7628224CE481008F1CE7 /* AssigningUnicastAddress.swift */ = {isa = PBXFileReference; lastKnownFileType = sourcecode.swift; path = AssigningUnicastAddress.swift; sourceTree = "<group>"; };
		529B764022521075008F1CE7 /* ManagingProvisioners.swift */ = {isa = PBXFileReference; lastKnownFileType = sourcecode.swift; path = ManagingProvisioners.swift; sourceTree = "<group>"; };
		529B7642225222E8008F1CE7 /* UInt16+String.swift */ = {isa = PBXFileReference; lastKnownFileType = sourcecode.swift; name = "UInt16+String.swift"; path = "Utils/UInt16+String.swift"; sourceTree = "<group>"; };
		529B764622522D37008F1CE7 /* UITableView+EmptyView.swift */ = {isa = PBXFileReference; lastKnownFileType = sourcecode.swift; name = "UITableView+EmptyView.swift"; path = "Utils/UITableView+EmptyView.swift"; sourceTree = "<group>"; };
		529B76482252499E008F1CE7 /* UIColor+Nordic.swift */ = {isa = PBXFileReference; lastKnownFileType = sourcecode.swift; name = "UIColor+Nordic.swift"; path = "Utils/UIColor+Nordic.swift"; sourceTree = "<group>"; };
		52DAA5DA22560EEE0041C43A /* EditProvisionerViewController.swift */ = {isa = PBXFileReference; lastKnownFileType = sourcecode.swift; name = EditProvisionerViewController.swift; path = "View Controllers/Settings/EditProvisionerViewController.swift"; sourceTree = "<group>"; };
		52DAA5E1225B633B0041C43A /* RangeView.swift */ = {isa = PBXFileReference; lastKnownFileType = sourcecode.swift; path = RangeView.swift; sourceTree = "<group>"; };
		52DAA5E3225B93320041C43A /* EditRangesViewController.swift */ = {isa = PBXFileReference; lastKnownFileType = sourcecode.swift; name = EditRangesViewController.swift; path = "View Controllers/Settings/EditRangesViewController.swift"; sourceTree = "<group>"; };
		52DAA5E5225B957B0041C43A /* RangeCell.swift */ = {isa = PBXFileReference; lastKnownFileType = sourcecode.swift; name = RangeCell.swift; path = "View Controllers/Settings/RangeCell.swift"; sourceTree = "<group>"; };
		5A51F9AF82598D8D5D40BD77 /* Pods_nRFMeshProvision_Example.framework */ = {isa = PBXFileReference; explicitFileType = wrapper.framework; includeInIndex = 0; path = Pods_nRFMeshProvision_Example.framework; sourceTree = BUILT_PRODUCTS_DIR; };
		607FACD01AFB9204008FA782 /* nRFMeshProvision_Example.app */ = {isa = PBXFileReference; explicitFileType = wrapper.application; includeInIndex = 0; path = nRFMeshProvision_Example.app; sourceTree = BUILT_PRODUCTS_DIR; };
		607FACD41AFB9204008FA782 /* Info.plist */ = {isa = PBXFileReference; lastKnownFileType = text.plist.xml; path = Info.plist; sourceTree = "<group>"; };
		607FACD51AFB9204008FA782 /* AppDelegate.swift */ = {isa = PBXFileReference; lastKnownFileType = sourcecode.swift; path = AppDelegate.swift; sourceTree = "<group>"; };
		607FACDA1AFB9204008FA782 /* Base */ = {isa = PBXFileReference; lastKnownFileType = file.storyboard; name = Base; path = Base.lproj/Main.storyboard; sourceTree = "<group>"; };
		607FACDC1AFB9204008FA782 /* Images.xcassets */ = {isa = PBXFileReference; lastKnownFileType = folder.assetcatalog; path = Images.xcassets; sourceTree = "<group>"; };
		607FACE51AFB9204008FA782 /* nRFMeshProvision_Tests.xctest */ = {isa = PBXFileReference; explicitFileType = wrapper.cfbundle; includeInIndex = 0; path = nRFMeshProvision_Tests.xctest; sourceTree = BUILT_PRODUCTS_DIR; };
		607FACEA1AFB9204008FA782 /* Info.plist */ = {isa = PBXFileReference; lastKnownFileType = text.plist.xml; path = Info.plist; sourceTree = "<group>"; };
		6F738D8AED8E08F840E0D44B /* Pods-nRFMeshProvision_Tests.release.xcconfig */ = {isa = PBXFileReference; includeInIndex = 1; lastKnownFileType = text.xcconfig; name = "Pods-nRFMeshProvision_Tests.release.xcconfig"; path = "Pods/Target Support Files/Pods-nRFMeshProvision_Tests/Pods-nRFMeshProvision_Tests.release.xcconfig"; sourceTree = "<group>"; };
		9020B99520CC4F3B27519D12 /* Pods-nRFMeshProvision_Tests.debug.xcconfig */ = {isa = PBXFileReference; includeInIndex = 1; lastKnownFileType = text.xcconfig; name = "Pods-nRFMeshProvision_Tests.debug.xcconfig"; path = "Pods/Target Support Files/Pods-nRFMeshProvision_Tests/Pods-nRFMeshProvision_Tests.debug.xcconfig"; sourceTree = "<group>"; };
		C775BBAAAC42952ED786BABF /* README.md */ = {isa = PBXFileReference; includeInIndex = 1; lastKnownFileType = net.daringfireball.markdown; name = README.md; path = ../README.md; sourceTree = "<group>"; };
		CE0D41963D3CE81CDC8CDCF5 /* Pods-nRFMeshProvision_Example.release.xcconfig */ = {isa = PBXFileReference; includeInIndex = 1; lastKnownFileType = text.xcconfig; name = "Pods-nRFMeshProvision_Example.release.xcconfig"; path = "Pods/Target Support Files/Pods-nRFMeshProvision_Example/Pods-nRFMeshProvision_Example.release.xcconfig"; sourceTree = "<group>"; };
		D4BC85B548ED1F5182C7C185 /* Pods-nRFMeshProvision_Example.debug.xcconfig */ = {isa = PBXFileReference; includeInIndex = 1; lastKnownFileType = text.xcconfig; name = "Pods-nRFMeshProvision_Example.debug.xcconfig"; path = "Pods/Target Support Files/Pods-nRFMeshProvision_Example/Pods-nRFMeshProvision_Example.debug.xcconfig"; sourceTree = "<group>"; };
		E7CB7DCE18F6E38D2240310F /* nRFMeshProvision.podspec */ = {isa = PBXFileReference; includeInIndex = 1; lastKnownFileType = text; name = nRFMeshProvision.podspec; path = ../nRFMeshProvision.podspec; sourceTree = "<group>"; xcLanguageSpecificationIdentifier = xcode.lang.ruby; };
/* End PBXFileReference section */

/* Begin PBXFrameworksBuildPhase section */
		607FACCD1AFB9204008FA782 /* Frameworks */ = {
			isa = PBXFrameworksBuildPhase;
			buildActionMask = 2147483647;
			files = (
				30208A1A2175DBD900BC3789 /* libcrypto.a in Frameworks */,
				30208A1B2175DBD900BC3789 /* libssl.a in Frameworks */,
				7F9FD220FCA92765E14E2C17 /* Pods_nRFMeshProvision_Example.framework in Frameworks */,
			);
			runOnlyForDeploymentPostprocessing = 0;
		};
		607FACE21AFB9204008FA782 /* Frameworks */ = {
			isa = PBXFrameworksBuildPhase;
			buildActionMask = 2147483647;
			files = (
				30208A1C2175DBE900BC3789 /* libssl.a in Frameworks */,
				30208A1D2175DBE900BC3789 /* libcrypto.a in Frameworks */,
			);
			runOnlyForDeploymentPostprocessing = 0;
		};
/* End PBXFrameworksBuildPhase section */

/* Begin PBXGroup section */
		0B1E3E397A7AE50CC191716D /* Pods */ = {
			isa = PBXGroup;
			children = (
				D4BC85B548ED1F5182C7C185 /* Pods-nRFMeshProvision_Example.debug.xcconfig */,
				CE0D41963D3CE81CDC8CDCF5 /* Pods-nRFMeshProvision_Example.release.xcconfig */,
				9020B99520CC4F3B27519D12 /* Pods-nRFMeshProvision_Tests.debug.xcconfig */,
				6F738D8AED8E08F840E0D44B /* Pods-nRFMeshProvision_Tests.release.xcconfig */,
			);
			name = Pods;
			sourceTree = "<group>";
		};
		525242E6225F2D2E0044CECB /* Views */ = {
			isa = PBXGroup;
			children = (
				52DAA5E1225B633B0041C43A /* RangeView.swift */,
				525242E7225F2D6A0044CECB /* FabView.swift */,
			);
			path = Views;
			sourceTree = "<group>";
		};
		52835253227AEC8C0097B949 /* View Controllers */ = {
			isa = PBXGroup;
			children = (
				529B756C223FE7F1008F1CE7 /* RootViewController.swift */,
				52835256227AED670097B949 /* Network */,
				52835255227AED0A0097B949 /* Settings */,
			);
			path = "View Controllers";
			sourceTree = "<group>";
		};
		52835255227AED0A0097B949 /* Settings */ = {
			isa = PBXGroup;
			children = (
				52DAA5DC22560F110041C43A /* Provisioners */,
				529B756F223FF1AE008F1CE7 /* SettingsViewController.swift */,
				529B759B2243BA10008F1CE7 /* NetworkKeysViewController.swift */,
				529B7571223FFC39008F1CE7 /* AppKeysViewController.swift */,
				5283524722733BCF0097B949 /* EditKeyViewController.swift */,
			);
			path = Settings;
			sourceTree = "<group>";
		};
		52835256227AED670097B949 /* Network */ = {
			isa = PBXGroup;
			children = (
				5283527E22806BA60097B949 /* Provisioning */,
			);
			path = Network;
			sourceTree = "<group>";
		};
		5283527E22806BA60097B949 /* Provisioning */ = {
			isa = PBXGroup;
			children = (
				52835257227AEDA30097B949 /* DeviceTableViewCell.swift */,
				52835268227B2BAE0097B949 /* ScannerTableViewController.swift */,
				5283527F22806C280097B949 /* ProvisioningViewController.swift */,
				5283528122806D7C0097B949 /* NetworkKeySelectionViewController.swift */,
				528352BB2285B6150097B949 /* OobSelector.swift */,
			);
			path = Provisioning;
			sourceTree = "<group>";
		};
		529B757322410784008F1CE7 /* Utils */ = {
			isa = PBXGroup;
			children = (
				529B7574224107A5008F1CE7 /* AppInfo.swift */,
				529B758522428A45008F1CE7 /* UIViewController+Alert.swift */,
				529B7642225222E8008F1CE7 /* UInt16+String.swift */,
				529B764622522D37008F1CE7 /* UITableView+EmptyView.swift */,
				529B76482252499E008F1CE7 /* UIColor+Nordic.swift */,
				525242DF225CBFEC0044CECB /* RangeObject+String.swift */,
			);
			name = Utils;
			sourceTree = "<group>";
		};
		52DAA5DC22560F110041C43A /* Provisioners */ = {
			isa = PBXGroup;
			children = (
				529B75992243BA0A008F1CE7 /* ProvisionersViewController.swift */,
				52DAA5DA22560EEE0041C43A /* EditProvisionerViewController.swift */,
				52DAA5E3225B93320041C43A /* EditRangesViewController.swift */,
				52DAA5E5225B957B0041C43A /* RangeCell.swift */,
			);
			name = Provisioners;
			path = ../..;
			sourceTree = "<group>";
		};
		607FACC71AFB9204008FA782 = {
			isa = PBXGroup;
			children = (
				529B757E22426D70008F1CE7 /* nRFMeshProvision_Example.entitlements */,
				607FACF51AFB993E008FA782 /* Podspec Metadata */,
				607FACD21AFB9204008FA782 /* Example for nRFMeshProvision */,
				607FACE81AFB9204008FA782 /* Tests */,
				607FACD11AFB9204008FA782 /* Products */,
				B8E18C3887B68E7ACF06688E /* Frameworks */,
				0B1E3E397A7AE50CC191716D /* Pods */,
			);
			sourceTree = "<group>";
		};
		607FACD11AFB9204008FA782 /* Products */ = {
			isa = PBXGroup;
			children = (
				607FACD01AFB9204008FA782 /* nRFMeshProvision_Example.app */,
				607FACE51AFB9204008FA782 /* nRFMeshProvision_Tests.xctest */,
			);
			name = Products;
			sourceTree = "<group>";
		};
		607FACD21AFB9204008FA782 /* Example for nRFMeshProvision */ = {
			isa = PBXGroup;
			children = (
				607FACD51AFB9204008FA782 /* AppDelegate.swift */,
				525242E6225F2D2E0044CECB /* Views */,
				52835253227AEC8C0097B949 /* View Controllers */,
				529B757322410784008F1CE7 /* Utils */,
				607FACD91AFB9204008FA782 /* Main.storyboard */,
				5283524E227887970097B949 /* Settings.storyboard */,
				3089BC9E2099CA4900E30192 /* LaunchScreen.storyboard */,
				607FACDC1AFB9204008FA782 /* Images.xcassets */,
				607FACD31AFB9204008FA782 /* Supporting Files */,
			);
			name = "Example for nRFMeshProvision";
			path = nRFMeshProvision;
			sourceTree = "<group>";
		};
		607FACD31AFB9204008FA782 /* Supporting Files */ = {
			isa = PBXGroup;
			children = (
				607FACD41AFB9204008FA782 /* Info.plist */,
			);
			name = "Supporting Files";
			sourceTree = "<group>";
		};
		607FACE81AFB9204008FA782 /* Tests */ = {
			isa = PBXGroup;
			children = (
				607FACE91AFB9204008FA782 /* Supporting Files */,
				529B75AA2248E276008F1CE7 /* SceneRanges.swift */,
				529B75AC22491770008F1CE7 /* AddressRanges.swift */,
				529B7628224CE481008F1CE7 /* AssigningUnicastAddress.swift */,
				529B764022521075008F1CE7 /* ManagingProvisioners.swift */,
				528352B32284139F0097B949 /* ProxyProtocol.swift */,
				529B75A92248E275008F1CE7 /* nRFMeshProvision_Tests-Bridging-Header.h */,
			);
			path = Tests;
			sourceTree = "<group>";
		};
		607FACE91AFB9204008FA782 /* Supporting Files */ = {
			isa = PBXGroup;
			children = (
				607FACEA1AFB9204008FA782 /* Info.plist */,
			);
			name = "Supporting Files";
			sourceTree = "<group>";
		};
		607FACF51AFB993E008FA782 /* Podspec Metadata */ = {
			isa = PBXGroup;
			children = (
				E7CB7DCE18F6E38D2240310F /* nRFMeshProvision.podspec */,
				C775BBAAAC42952ED786BABF /* README.md */,
				4973E9CDA09CE2398E5C269A /* LICENSE */,
			);
			name = "Podspec Metadata";
			sourceTree = "<group>";
		};
		B8E18C3887B68E7ACF06688E /* Frameworks */ = {
			isa = PBXGroup;
			children = (
				30208A182175DBD900BC3789 /* libcrypto.a */,
				30208A192175DBD900BC3789 /* libssl.a */,
				5A51F9AF82598D8D5D40BD77 /* Pods_nRFMeshProvision_Example.framework */,
			);
			name = Frameworks;
			sourceTree = "<group>";
		};
/* End PBXGroup section */

/* Begin PBXNativeTarget section */
		607FACCF1AFB9204008FA782 /* nRFMeshProvision_Example */ = {
			isa = PBXNativeTarget;
			buildConfigurationList = 607FACEF1AFB9204008FA782 /* Build configuration list for PBXNativeTarget "nRFMeshProvision_Example" */;
			buildPhases = (
				945475B8798F09DA579A92E6 /* [CP] Check Pods Manifest.lock */,
				607FACCC1AFB9204008FA782 /* Sources */,
				607FACCD1AFB9204008FA782 /* Frameworks */,
				607FACCE1AFB9204008FA782 /* Resources */,
				30AE40252064EFA800570136 /* ShellScript */,
			);
			buildRules = (
			);
			dependencies = (
			);
			name = nRFMeshProvision_Example;
			productName = nRFMeshProvision;
			productReference = 607FACD01AFB9204008FA782 /* nRFMeshProvision_Example.app */;
			productType = "com.apple.product-type.application";
		};
		607FACE41AFB9204008FA782 /* nRFMeshProvision_Tests */ = {
			isa = PBXNativeTarget;
			buildConfigurationList = 607FACF21AFB9204008FA782 /* Build configuration list for PBXNativeTarget "nRFMeshProvision_Tests" */;
			buildPhases = (
				431CF1A01D8E8D3EC3B5D946 /* [CP] Check Pods Manifest.lock */,
				607FACE11AFB9204008FA782 /* Sources */,
				607FACE21AFB9204008FA782 /* Frameworks */,
				607FACE31AFB9204008FA782 /* Resources */,
			);
			buildRules = (
			);
			dependencies = (
				607FACE71AFB9204008FA782 /* PBXTargetDependency */,
			);
			name = nRFMeshProvision_Tests;
			productName = Tests;
			productReference = 607FACE51AFB9204008FA782 /* nRFMeshProvision_Tests.xctest */;
			productType = "com.apple.product-type.bundle.unit-test";
		};
/* End PBXNativeTarget section */

/* Begin PBXProject section */
		607FACC81AFB9204008FA782 /* Project object */ = {
			isa = PBXProject;
			attributes = {
				LastSwiftUpdateCheck = 0830;
				LastUpgradeCheck = 1020;
				ORGANIZATIONNAME = CocoaPods;
				TargetAttributes = {
					607FACCF1AFB9204008FA782 = {
						CreatedOnToolsVersion = 6.3.1;
						DevelopmentTeam = P3R8YQEV4L;
						LastSwiftMigration = 1020;
						SystemCapabilities = {
							com.apple.BackgroundModes = {
								enabled = 1;
							};
							com.apple.Push = {
								enabled = 1;
							};
							com.apple.iCloud = {
								enabled = 1;
							};
						};
					};
					607FACE41AFB9204008FA782 = {
						CreatedOnToolsVersion = 6.3.1;
						DevelopmentTeam = P3R8YQEV4L;
						LastSwiftMigration = 1020;
						TestTargetID = 607FACCF1AFB9204008FA782;
					};
				};
			};
			buildConfigurationList = 607FACCB1AFB9204008FA782 /* Build configuration list for PBXProject "nRFMeshProvision" */;
			compatibilityVersion = "Xcode 3.2";
			developmentRegion = en;
			hasScannedForEncodings = 0;
			knownRegions = (
				en,
				Base,
			);
			mainGroup = 607FACC71AFB9204008FA782;
			productRefGroup = 607FACD11AFB9204008FA782 /* Products */;
			projectDirPath = "";
			projectRoot = "";
			targets = (
				607FACCF1AFB9204008FA782 /* nRFMeshProvision_Example */,
				607FACE41AFB9204008FA782 /* nRFMeshProvision_Tests */,
			);
		};
/* End PBXProject section */

/* Begin PBXResourcesBuildPhase section */
		607FACCE1AFB9204008FA782 /* Resources */ = {
			isa = PBXResourcesBuildPhase;
			buildActionMask = 2147483647;
			files = (
				3089BCA02099CA4900E30192 /* LaunchScreen.storyboard in Resources */,
				607FACDB1AFB9204008FA782 /* Main.storyboard in Resources */,
				607FACDD1AFB9204008FA782 /* Images.xcassets in Resources */,
				52835250227887970097B949 /* Settings.storyboard in Resources */,
			);
			runOnlyForDeploymentPostprocessing = 0;
		};
		607FACE31AFB9204008FA782 /* Resources */ = {
			isa = PBXResourcesBuildPhase;
			buildActionMask = 2147483647;
			files = (
			);
			runOnlyForDeploymentPostprocessing = 0;
		};
/* End PBXResourcesBuildPhase section */

/* Begin PBXShellScriptBuildPhase section */
		30AE40252064EFA800570136 /* ShellScript */ = {
			isa = PBXShellScriptBuildPhase;
			buildActionMask = 8;
			files = (
			);
			inputPaths = (
			);
			outputPaths = (
			);
			runOnlyForDeploymentPostprocessing = 1;
			shellPath = /bin/sh;
			shellScript = "if which swiftlint >/dev/null; then\n    echo \"Run swiftlint\"\nelse\n    echo \"warning: SwiftLint not installed, download from https://github.com/realm/SwiftLint\"\nfi";
		};
		431CF1A01D8E8D3EC3B5D946 /* [CP] Check Pods Manifest.lock */ = {
			isa = PBXShellScriptBuildPhase;
			buildActionMask = 2147483647;
			files = (
			);
			inputPaths = (
				"${PODS_PODFILE_DIR_PATH}/Podfile.lock",
				"${PODS_ROOT}/Manifest.lock",
			);
			name = "[CP] Check Pods Manifest.lock";
			outputPaths = (
				"$(DERIVED_FILE_DIR)/Pods-nRFMeshProvision_Tests-checkManifestLockResult.txt",
			);
			runOnlyForDeploymentPostprocessing = 0;
			shellPath = /bin/sh;
			shellScript = "diff \"${PODS_PODFILE_DIR_PATH}/Podfile.lock\" \"${PODS_ROOT}/Manifest.lock\" > /dev/null\nif [ $? != 0 ] ; then\n    # print error to STDERR\n    echo \"error: The sandbox is not in sync with the Podfile.lock. Run 'pod install' or update your CocoaPods installation.\" >&2\n    exit 1\nfi\n# This output is used by Xcode 'outputs' to avoid re-running this script phase.\necho \"SUCCESS\" > \"${SCRIPT_OUTPUT_FILE_0}\"\n";
			showEnvVarsInLog = 0;
		};
		945475B8798F09DA579A92E6 /* [CP] Check Pods Manifest.lock */ = {
			isa = PBXShellScriptBuildPhase;
			buildActionMask = 2147483647;
			files = (
			);
			inputPaths = (
				"${PODS_PODFILE_DIR_PATH}/Podfile.lock",
				"${PODS_ROOT}/Manifest.lock",
			);
			name = "[CP] Check Pods Manifest.lock";
			outputPaths = (
				"$(DERIVED_FILE_DIR)/Pods-nRFMeshProvision_Example-checkManifestLockResult.txt",
			);
			runOnlyForDeploymentPostprocessing = 0;
			shellPath = /bin/sh;
			shellScript = "diff \"${PODS_PODFILE_DIR_PATH}/Podfile.lock\" \"${PODS_ROOT}/Manifest.lock\" > /dev/null\nif [ $? != 0 ] ; then\n    # print error to STDERR\n    echo \"error: The sandbox is not in sync with the Podfile.lock. Run 'pod install' or update your CocoaPods installation.\" >&2\n    exit 1\nfi\n# This output is used by Xcode 'outputs' to avoid re-running this script phase.\necho \"SUCCESS\" > \"${SCRIPT_OUTPUT_FILE_0}\"\n";
			showEnvVarsInLog = 0;
		};
/* End PBXShellScriptBuildPhase section */

/* Begin PBXSourcesBuildPhase section */
		607FACCC1AFB9204008FA782 /* Sources */ = {
			isa = PBXSourcesBuildPhase;
			buildActionMask = 2147483647;
			files = (
				529B764722522D37008F1CE7 /* UITableView+EmptyView.swift in Sources */,
				5283528022806C280097B949 /* ProvisioningViewController.swift in Sources */,
				52835269227B2BAE0097B949 /* ScannerTableViewController.swift in Sources */,
				528352BC2285B6150097B949 /* OobSelector.swift in Sources */,
				52DAA5E2225B633B0041C43A /* RangeView.swift in Sources */,
				52DAA5DB22560EEE0041C43A /* EditProvisionerViewController.swift in Sources */,
				5283524822733BCF0097B949 /* EditKeyViewController.swift in Sources */,
				529B759A2243BA0A008F1CE7 /* ProvisionersViewController.swift in Sources */,
				529B76492252499E008F1CE7 /* UIColor+Nordic.swift in Sources */,
				525242E0225CBFEC0044CECB /* RangeObject+String.swift in Sources */,
				529B7575224107A5008F1CE7 /* AppInfo.swift in Sources */,
				607FACD61AFB9204008FA782 /* AppDelegate.swift in Sources */,
				52DAA5E4225B93320041C43A /* EditRangesViewController.swift in Sources */,
				52DAA5E6225B957B0041C43A /* RangeCell.swift in Sources */,
				529B756D223FE7F1008F1CE7 /* RootViewController.swift in Sources */,
				529B758622428A45008F1CE7 /* UIViewController+Alert.swift in Sources */,
				529B7572223FFC39008F1CE7 /* AppKeysViewController.swift in Sources */,
				52835258227AEDA30097B949 /* DeviceTableViewCell.swift in Sources */,
				525242E8225F2D6A0044CECB /* FabView.swift in Sources */,
				529B7570223FF1AE008F1CE7 /* SettingsViewController.swift in Sources */,
				529B759C2243BA10008F1CE7 /* NetworkKeysViewController.swift in Sources */,
				5283528222806D7C0097B949 /* NetworkKeySelectionViewController.swift in Sources */,
				529B7643225222E8008F1CE7 /* UInt16+String.swift in Sources */,
			);
			runOnlyForDeploymentPostprocessing = 0;
		};
		607FACE11AFB9204008FA782 /* Sources */ = {
			isa = PBXSourcesBuildPhase;
			buildActionMask = 2147483647;
			files = (
				529B7629224CE481008F1CE7 /* AssigningUnicastAddress.swift in Sources */,
				528352B42284139F0097B949 /* ProxyProtocol.swift in Sources */,
				529B75AD22491770008F1CE7 /* AddressRanges.swift in Sources */,
				529B764122521075008F1CE7 /* ManagingProvisioners.swift in Sources */,
				529B75AB2248E276008F1CE7 /* SceneRanges.swift in Sources */,
			);
			runOnlyForDeploymentPostprocessing = 0;
		};
/* End PBXSourcesBuildPhase section */

/* Begin PBXTargetDependency section */
		607FACE71AFB9204008FA782 /* PBXTargetDependency */ = {
			isa = PBXTargetDependency;
			target = 607FACCF1AFB9204008FA782 /* nRFMeshProvision_Example */;
			targetProxy = 607FACE61AFB9204008FA782 /* PBXContainerItemProxy */;
		};
/* End PBXTargetDependency section */

/* Begin PBXVariantGroup section */
		3089BC9E2099CA4900E30192 /* LaunchScreen.storyboard */ = {
			isa = PBXVariantGroup;
			children = (
				3089BC9F2099CA4900E30192 /* Base */,
			);
			name = LaunchScreen.storyboard;
			sourceTree = "<group>";
		};
		5283524E227887970097B949 /* Settings.storyboard */ = {
			isa = PBXVariantGroup;
			children = (
				5283524F227887970097B949 /* Base */,
			);
			name = Settings.storyboard;
			sourceTree = "<group>";
		};
		607FACD91AFB9204008FA782 /* Main.storyboard */ = {
			isa = PBXVariantGroup;
			children = (
				607FACDA1AFB9204008FA782 /* Base */,
			);
			name = Main.storyboard;
			sourceTree = "<group>";
		};
/* End PBXVariantGroup section */

/* Begin XCBuildConfiguration section */
		607FACED1AFB9204008FA782 /* Debug */ = {
			isa = XCBuildConfiguration;
			buildSettings = {
				ALWAYS_SEARCH_USER_PATHS = NO;
				CLANG_ANALYZER_LOCALIZABILITY_NONLOCALIZED = YES;
				CLANG_CXX_LANGUAGE_STANDARD = "gnu++0x";
				CLANG_CXX_LIBRARY = "libc++";
				CLANG_ENABLE_MODULES = YES;
				CLANG_ENABLE_OBJC_ARC = YES;
				CLANG_WARN_BLOCK_CAPTURE_AUTORELEASING = YES;
				CLANG_WARN_BOOL_CONVERSION = YES;
				CLANG_WARN_COMMA = YES;
				CLANG_WARN_CONSTANT_CONVERSION = YES;
				CLANG_WARN_DEPRECATED_OBJC_IMPLEMENTATIONS = YES;
				CLANG_WARN_DIRECT_OBJC_ISA_USAGE = YES_ERROR;
				CLANG_WARN_EMPTY_BODY = YES;
				CLANG_WARN_ENUM_CONVERSION = YES;
				CLANG_WARN_INFINITE_RECURSION = YES;
				CLANG_WARN_INT_CONVERSION = YES;
				CLANG_WARN_NON_LITERAL_NULL_CONVERSION = YES;
				CLANG_WARN_OBJC_IMPLICIT_RETAIN_SELF = YES;
				CLANG_WARN_OBJC_LITERAL_CONVERSION = YES;
				CLANG_WARN_OBJC_ROOT_CLASS = YES_ERROR;
				CLANG_WARN_RANGE_LOOP_ANALYSIS = YES;
				CLANG_WARN_STRICT_PROTOTYPES = YES;
				CLANG_WARN_SUSPICIOUS_MOVE = YES;
				CLANG_WARN_UNREACHABLE_CODE = YES;
				CLANG_WARN__DUPLICATE_METHOD_MATCH = YES;
				"CODE_SIGN_IDENTITY[sdk=iphoneos*]" = "iPhone Developer";
				COPY_PHASE_STRIP = NO;
				DEBUG_INFORMATION_FORMAT = "dwarf-with-dsym";
				ENABLE_BITCODE = NO;
				ENABLE_STRICT_OBJC_MSGSEND = YES;
				ENABLE_TESTABILITY = YES;
				GCC_C_LANGUAGE_STANDARD = gnu99;
				GCC_DYNAMIC_NO_PIC = NO;
				GCC_NO_COMMON_BLOCKS = YES;
				GCC_OPTIMIZATION_LEVEL = 0;
				GCC_PREPROCESSOR_DEFINITIONS = (
					"DEBUG=1",
					"$(inherited)",
				);
				GCC_SYMBOLS_PRIVATE_EXTERN = NO;
				GCC_WARN_64_TO_32_BIT_CONVERSION = YES;
				GCC_WARN_ABOUT_RETURN_TYPE = YES_ERROR;
				GCC_WARN_UNDECLARED_SELECTOR = YES;
				GCC_WARN_UNINITIALIZED_AUTOS = YES_AGGRESSIVE;
				GCC_WARN_UNUSED_FUNCTION = YES;
				GCC_WARN_UNUSED_VARIABLE = YES;
				IPHONEOS_DEPLOYMENT_TARGET = 10.0;
				MTL_ENABLE_DEBUG_INFO = YES;
				ONLY_ACTIVE_ARCH = YES;
				OTHER_LDFLAGS = "";
				SDKROOT = iphoneos;
				SWIFT_OPTIMIZATION_LEVEL = "-Onone";
				SWIFT_PRECOMPILE_BRIDGING_HEADER = NO;
			};
			name = Debug;
		};
		607FACEE1AFB9204008FA782 /* Release */ = {
			isa = XCBuildConfiguration;
			buildSettings = {
				ALWAYS_SEARCH_USER_PATHS = NO;
				CLANG_ANALYZER_LOCALIZABILITY_NONLOCALIZED = YES;
				CLANG_CXX_LANGUAGE_STANDARD = "gnu++0x";
				CLANG_CXX_LIBRARY = "libc++";
				CLANG_ENABLE_MODULES = YES;
				CLANG_ENABLE_OBJC_ARC = YES;
				CLANG_WARN_BLOCK_CAPTURE_AUTORELEASING = YES;
				CLANG_WARN_BOOL_CONVERSION = YES;
				CLANG_WARN_COMMA = YES;
				CLANG_WARN_CONSTANT_CONVERSION = YES;
				CLANG_WARN_DEPRECATED_OBJC_IMPLEMENTATIONS = YES;
				CLANG_WARN_DIRECT_OBJC_ISA_USAGE = YES_ERROR;
				CLANG_WARN_EMPTY_BODY = YES;
				CLANG_WARN_ENUM_CONVERSION = YES;
				CLANG_WARN_INFINITE_RECURSION = YES;
				CLANG_WARN_INT_CONVERSION = YES;
				CLANG_WARN_NON_LITERAL_NULL_CONVERSION = YES;
				CLANG_WARN_OBJC_IMPLICIT_RETAIN_SELF = YES;
				CLANG_WARN_OBJC_LITERAL_CONVERSION = YES;
				CLANG_WARN_OBJC_ROOT_CLASS = YES_ERROR;
				CLANG_WARN_RANGE_LOOP_ANALYSIS = YES;
				CLANG_WARN_STRICT_PROTOTYPES = YES;
				CLANG_WARN_SUSPICIOUS_MOVE = YES;
				CLANG_WARN_UNREACHABLE_CODE = YES;
				CLANG_WARN__DUPLICATE_METHOD_MATCH = YES;
				"CODE_SIGN_IDENTITY[sdk=iphoneos*]" = "iPhone Developer";
				COPY_PHASE_STRIP = NO;
				DEBUG_INFORMATION_FORMAT = "dwarf-with-dsym";
				ENABLE_BITCODE = NO;
				ENABLE_NS_ASSERTIONS = NO;
				ENABLE_STRICT_OBJC_MSGSEND = YES;
				GCC_C_LANGUAGE_STANDARD = gnu99;
				GCC_NO_COMMON_BLOCKS = YES;
				GCC_WARN_64_TO_32_BIT_CONVERSION = YES;
				GCC_WARN_ABOUT_RETURN_TYPE = YES_ERROR;
				GCC_WARN_UNDECLARED_SELECTOR = YES;
				GCC_WARN_UNINITIALIZED_AUTOS = YES_AGGRESSIVE;
				GCC_WARN_UNUSED_FUNCTION = YES;
				GCC_WARN_UNUSED_VARIABLE = YES;
				IPHONEOS_DEPLOYMENT_TARGET = 10.0;
				MTL_ENABLE_DEBUG_INFO = NO;
				OTHER_LDFLAGS = "";
				SDKROOT = iphoneos;
				SWIFT_OPTIMIZATION_LEVEL = "-Owholemodule";
				SWIFT_PRECOMPILE_BRIDGING_HEADER = NO;
				VALIDATE_PRODUCT = YES;
			};
			name = Release;
		};
		607FACF01AFB9204008FA782 /* Debug */ = {
			isa = XCBuildConfiguration;
			baseConfigurationReference = D4BC85B548ED1F5182C7C185 /* Pods-nRFMeshProvision_Example.debug.xcconfig */;
			buildSettings = {
				ASSETCATALOG_COMPILER_APPICON_NAME = AppIcon;
				CLANG_ALLOW_NON_MODULAR_INCLUDES_IN_FRAMEWORK_MODULES = NO;
				CODE_SIGN_ENTITLEMENTS = nRFMeshProvision_Example.entitlements;
				DEVELOPMENT_TEAM = P3R8YQEV4L;
				ENABLE_BITCODE = NO;
				INFOPLIST_FILE = nRFMeshProvision/Info.plist;
				IPHONEOS_DEPLOYMENT_TARGET = 10.0;
				LD_RUNPATH_SEARCH_PATHS = "$(inherited) @executable_path/Frameworks";
				LIBRARY_SEARCH_PATHS = (
					"$(inherited)",
					"$(PROJECT_DIR)/Pods/OpenSSL-Universal/lib-ios",
				);
				LINK_WITH_STANDARD_LIBRARIES = YES;
				MODULE_NAME = ExampleApp;
				OTHER_LDFLAGS = (
					"$(inherited)",
					"-ObjC",
					"-l\"crypto\"",
					"-l\"ssl\"",
					"-framework",
					"\"nRFMeshProvision\"",
				);
				PRODUCT_BUNDLE_IDENTIFIER = com.nordicsemi.nRFProvisioner;
				PRODUCT_NAME = "$(TARGET_NAME)";
				SDKROOT = iphoneos;
				SWIFT_PRECOMPILE_BRIDGING_HEADER = NO;
				SWIFT_VERSION = 5.0;
				TARGETED_DEVICE_FAMILY = "1,2";
			};
			name = Debug;
		};
		607FACF11AFB9204008FA782 /* Release */ = {
			isa = XCBuildConfiguration;
			baseConfigurationReference = CE0D41963D3CE81CDC8CDCF5 /* Pods-nRFMeshProvision_Example.release.xcconfig */;
			buildSettings = {
				ASSETCATALOG_COMPILER_APPICON_NAME = AppIcon;
				CLANG_ALLOW_NON_MODULAR_INCLUDES_IN_FRAMEWORK_MODULES = NO;
				CODE_SIGN_ENTITLEMENTS = nRFMeshProvision_Example.entitlements;
				DEVELOPMENT_TEAM = P3R8YQEV4L;
				ENABLE_BITCODE = NO;
				INFOPLIST_FILE = nRFMeshProvision/Info.plist;
				IPHONEOS_DEPLOYMENT_TARGET = 10.0;
				LD_RUNPATH_SEARCH_PATHS = "$(inherited) @executable_path/Frameworks";
				LIBRARY_SEARCH_PATHS = (
					"$(inherited)",
					"$(PROJECT_DIR)/Pods/OpenSSL-Universal/lib-ios",
				);
				LINK_WITH_STANDARD_LIBRARIES = YES;
				MODULE_NAME = ExampleApp;
				OTHER_LDFLAGS = (
					"$(inherited)",
					"-ObjC",
					"-l\"crypto\"",
					"-l\"ssl\"",
					"-framework",
					"\"nRFMeshProvision\"",
				);
				PRODUCT_BUNDLE_IDENTIFIER = com.nordicsemi.nRFProvisioner;
				PRODUCT_NAME = "$(TARGET_NAME)";
				SDKROOT = iphoneos;
				SWIFT_PRECOMPILE_BRIDGING_HEADER = NO;
				SWIFT_VERSION = 5.0;
				TARGETED_DEVICE_FAMILY = "1,2";
			};
			name = Release;
		};
		607FACF31AFB9204008FA782 /* Debug */ = {
			isa = XCBuildConfiguration;
			baseConfigurationReference = 9020B99520CC4F3B27519D12 /* Pods-nRFMeshProvision_Tests.debug.xcconfig */;
			buildSettings = {
				CLANG_ENABLE_MODULES = YES;
				DEVELOPMENT_TEAM = P3R8YQEV4L;
				FRAMEWORK_SEARCH_PATHS = (
					"$(inherited)",
					"$(SDKROOT)/System/Library/Frameworks",
				);
				GCC_PREPROCESSOR_DEFINITIONS = (
					"DEBUG=1",
					"$(inherited)",
				);
				INFOPLIST_FILE = Tests/Info.plist;
				LD_RUNPATH_SEARCH_PATHS = "$(inherited) @executable_path/Frameworks @loader_path/Frameworks";
				LIBRARY_SEARCH_PATHS = (
					"$(inherited)",
					"$(PROJECT_DIR)/Pods/OpenSSL-Universal/lib-ios",
				);
				PRODUCT_BUNDLE_IDENTIFIER = "org.cocoapods.$(PRODUCT_NAME:rfc1034identifier)";
				PRODUCT_NAME = "$(TARGET_NAME)";
				SDKROOT = iphoneos;
				SWIFT_OBJC_BRIDGING_HEADER = "Tests/nRFMeshProvision_Tests-Bridging-Header.h";
				SWIFT_OPTIMIZATION_LEVEL = "-Onone";
				SWIFT_PRECOMPILE_BRIDGING_HEADER = NO;
				SWIFT_VERSION = 5.0;
				TEST_HOST = "$(BUILT_PRODUCTS_DIR)/nRFMeshProvision_Example.app/nRFMeshProvision_Example";
			};
			name = Debug;
		};
		607FACF41AFB9204008FA782 /* Release */ = {
			isa = XCBuildConfiguration;
			baseConfigurationReference = 6F738D8AED8E08F840E0D44B /* Pods-nRFMeshProvision_Tests.release.xcconfig */;
			buildSettings = {
				CLANG_ENABLE_MODULES = YES;
				DEVELOPMENT_TEAM = P3R8YQEV4L;
				FRAMEWORK_SEARCH_PATHS = (
					"$(inherited)",
					"$(SDKROOT)/System/Library/Frameworks",
				);
				INFOPLIST_FILE = Tests/Info.plist;
				LD_RUNPATH_SEARCH_PATHS = "$(inherited) @executable_path/Frameworks @loader_path/Frameworks";
				LIBRARY_SEARCH_PATHS = (
					"$(inherited)",
					"$(PROJECT_DIR)/Pods/OpenSSL-Universal/lib-ios",
				);
				PRODUCT_BUNDLE_IDENTIFIER = "org.cocoapods.$(PRODUCT_NAME:rfc1034identifier)";
				PRODUCT_NAME = "$(TARGET_NAME)";
				SDKROOT = iphoneos;
				SWIFT_OBJC_BRIDGING_HEADER = "Tests/nRFMeshProvision_Tests-Bridging-Header.h";
				SWIFT_PRECOMPILE_BRIDGING_HEADER = NO;
				SWIFT_VERSION = 5.0;
				TEST_HOST = "$(BUILT_PRODUCTS_DIR)/nRFMeshProvision_Example.app/nRFMeshProvision_Example";
			};
			name = Release;
		};
/* End XCBuildConfiguration section */

/* Begin XCConfigurationList section */
		607FACCB1AFB9204008FA782 /* Build configuration list for PBXProject "nRFMeshProvision" */ = {
			isa = XCConfigurationList;
			buildConfigurations = (
				607FACED1AFB9204008FA782 /* Debug */,
				607FACEE1AFB9204008FA782 /* Release */,
			);
			defaultConfigurationIsVisible = 0;
			defaultConfigurationName = Release;
		};
		607FACEF1AFB9204008FA782 /* Build configuration list for PBXNativeTarget "nRFMeshProvision_Example" */ = {
			isa = XCConfigurationList;
			buildConfigurations = (
				607FACF01AFB9204008FA782 /* Debug */,
				607FACF11AFB9204008FA782 /* Release */,
			);
			defaultConfigurationIsVisible = 0;
			defaultConfigurationName = Release;
		};
		607FACF21AFB9204008FA782 /* Build configuration list for PBXNativeTarget "nRFMeshProvision_Tests" */ = {
			isa = XCConfigurationList;
			buildConfigurations = (
				607FACF31AFB9204008FA782 /* Debug */,
				607FACF41AFB9204008FA782 /* Release */,
			);
			defaultConfigurationIsVisible = 0;
			defaultConfigurationName = Release;
		};
/* End XCConfigurationList section */
	};
	rootObject = 607FACC81AFB9204008FA782 /* Project object */;
}
